{
  "version": "5",
  "specifiers": {
    "jsr:@hotsocket/dhmo@~0.1.1": "0.1.1",
    "jsr:@std/assert@^1.0.15": "1.0.15",
    "jsr:@std/internal@^1.0.12": "1.0.12"
  },
  "jsr": {
    "@hotsocket/dhmo@0.1.1": {
      "integrity": "dd3db38a5e1e7df1064e9ef3dac1b51986e4e1c86b2b45a6988a98fedb7847e8"
    },
    "@std/assert@1.0.15": {
      "integrity": "d64018e951dbdfab9777335ecdb000c0b4e3df036984083be219ce5941e4703b",
      "dependencies": [
        "jsr:@std/internal"
      ]
    },
    "@std/internal@1.0.12": {
      "integrity": "972a634fd5bc34b242024402972cd5143eac68d8dffaca5eaa4dba30ce17b027"
    }
  },
  "workspace": {
    "dependencies": [
      "jsr:@hotsocket/dhmo@~0.1.1",
      "jsr:@std/assert@^1.0.15"
    ]
  }
}
